
Microsoft Visual Studio Solution File, Format Version 12.00
# Visual Studio Version 17
VisualStudioVersion = 17.5.002.0
MinimumVisualStudioVersion = 10.0.40219.1
Project("{9A19103F-16F7-4668-BE54-9A1E7A4F7556}") = "helloworld", "helloworld.csproj", "{BC4DB6CB-5410-4602-AB38-E63295E3DFFC}"
EndProject
Global
	GlobalSection(SolutionConfigurationPlatforms) = preSolution
		Debug|Any CPU = Debug|Any CPU
		Release|Any CPU = Release|Any CPU
	EndGlobalSection
	GlobalSection(ProjectConfigurationPlatforms) = postSolution
		{BC4DB6CB-5410-4602-AB38-E63295E3DFFC}.Debug|Any CPU.ActiveCfg = Debug|Any CPU
		{BC4DB6CB-5410-4602-AB38-E63295E3DFFC}.Debug|Any CPU.Build.0 = Debug|Any CPU
		{BC4DB6CB-5410-4602-AB38-E63295E3DFFC}.Release|Any CPU.ActiveCfg = Release|Any CPU
		{BC4DB6CB-5410-4602-AB38-E63295E3DFFC}.Release|Any CPU.Build.0 = Release|Any CPU
	EndGlobalSection
	GlobalSection(SolutionProperties) = preSolution
		HideSolutionNode = FALSE
	EndGlobalSection
	GlobalSection(ExtensibilityGlobals) = postSolution
		SolutionGuid = {699BA473-409E-4A0B-81DD-E11EB740258B}
	EndGlobalSection
EndGlobal
